
Microsoft Visual Studio Solution File, Format Version 12.00
# Visual Studio Version 17
VisualStudioVersion = 17.13.35825.156
MinimumVisualStudioVersion = 10.0.40219.1
Project("{8BC9CEB8-8B4A-11D0-8D11-00A0C91BC942}") = "01_CreateThread", "01_CreateThread\01_CreateThread.vcxproj", "{7D7F0895-6C91-4664-898B-2FDE2593DE26}"
EndProject
Project("{8BC9CEB8-8B4A-11D0-8D11-00A0C91BC942}") = "02_BeginThreadex", "02_BeginThreadex\02_BeginThreadex.vcxproj", "{AF6E3FB6-3C63-4FF9-A521-9959C1EB10C6}"
EndProject
Project("{8BC9CEB8-8B4A-11D0-8D11-00A0C91BC942}") = "03_WaitFor", "03_WaitFor\03_WaitFor.vcxproj", "{40976FE0-0883-446A-8057-B37AB72F8BB8}"
EndProject
Global
	GlobalSection(SolutionConfigurationPlatforms) = preSolution
		Debug|x64 = Debug|x64
		Debug|x86 = Debug|x86
		Release|x64 = Release|x64
		Release|x86 = Release|x86
	EndGlobalSection
	GlobalSection(ProjectConfigurationPlatforms) = postSolution
		{7D7F0895-6C91-4664-898B-2FDE2593DE26}.Debug|x64.ActiveCfg = Debug|x64
		{7D7F0895-6C91-4664-898B-2FDE2593DE26}.Debug|x64.Build.0 = Debug|x64
		{7D7F0895-6C91-4664-898B-2FDE2593DE26}.Debug|x86.ActiveCfg = Debug|Win32
		{7D7F0895-6C91-4664-898B-2FDE2593DE26}.Debug|x86.Build.0 = Debug|Win32
		{7D7F0895-6C91-4664-898B-2FDE2593DE26}.Release|x64.ActiveCfg = Release|x64
		{7D7F0895-6C91-4664-898B-2FDE2593DE26}.Release|x64.Build.0 = Release|x64
		{7D7F0895-6C91-4664-898B-2FDE2593DE26}.Release|x86.ActiveCfg = Release|Win32
		{7D7F0895-6C91-4664-898B-2FDE2593DE26}.Release|x86.Build.0 = Release|Win32
		{AF6E3FB6-3C63-4FF9-A521-9959C1EB10C6}.Debug|x64.ActiveCfg = Debug|x64
		{AF6E3FB6-3C63-4FF9-A521-9959C1EB10C6}.Debug|x64.Build.0 = Debug|x64
		{AF6E3FB6-3C63-4FF9-A521-9959C1EB10C6}.Debug|x86.ActiveCfg = Debug|Win32
		{AF6E3FB6-3C63-4FF9-A521-9959C1EB10C6}.Debug|x86.Build.0 = Debug|Win32
		{AF6E3FB6-3C63-4FF9-A521-9959C1EB10C6}.Release|x64.ActiveCfg = Release|x64
		{AF6E3FB6-3C63-4FF9-A521-9959C1EB10C6}.Release|x64.Build.0 = Release|x64
		{AF6E3FB6-3C63-4FF9-A521-9959C1EB10C6}.Release|x86.ActiveCfg = Release|Win32
		{AF6E3FB6-3C63-4FF9-A521-9959C1EB10C6}.Release|x86.Build.0 = Release|Win32
		{40976FE0-0883-446A-8057-B37AB72F8BB8}.Debug|x64.ActiveCfg = Debug|x64
		{40976FE0-0883-446A-8057-B37AB72F8BB8}.Debug|x64.Build.0 = Debug|x64
		{40976FE0-0883-446A-8057-B37AB72F8BB8}.Debug|x86.ActiveCfg = Debug|Win32
		{40976FE0-0883-446A-8057-B37AB72F8BB8}.Debug|x86.Build.0 = Debug|Win32
		{40976FE0-0883-446A-8057-B37AB72F8BB8}.Release|x64.ActiveCfg = Release|x64
		{40976FE0-0883-446A-8057-B37AB72F8BB8}.Release|x64.Build.0 = Release|x64
		{40976FE0-0883-446A-8057-B37AB72F8BB8}.Release|x86.ActiveCfg = Release|Win32
		{40976FE0-0883-446A-8057-B37AB72F8BB8}.Release|x86.Build.0 = Release|Win32
	EndGlobalSection
	GlobalSection(SolutionProperties) = preSolution
		HideSolutionNode = FALSE
	EndGlobalSection
	GlobalSection(ExtensibilityGlobals) = postSolution
		SolutionGuid = {2A7607B4-F473-43A9-87EA-E19B1579CFD1}
	EndGlobalSection
EndGlobal
