
Microsoft Visual Studio Solution File, Format Version 12.00
# Visual Studio Version 17
VisualStudioVersion = 17.13.35825.156
MinimumVisualStudioVersion = 10.0.40219.1
Project("{8BC9CEB8-8B4A-11D0-8D11-00A0C91BC942}") = "01_CreateThread", "01_CreateThread\01_CreateThread.vcxproj", "{7D7F0895-6C91-4664-898B-2FDE2593DE26}"
EndProject
Project("{8BC9CEB8-8B4A-11D0-8D11-00A0C91BC942}") = "02_BeginThreadex", "02_BeginThreadex\02_BeginThreadex.vcxproj", "{AF6E3FB6-3C63-4FF9-A521-9959C1EB10C6}"
EndProject
Project("{8BC9CEB8-8B4A-11D0-8D11-00A0C91BC942}") = "03_WaitFor", "03_WaitFor\03_WaitFor.vcxproj", "{40976FE0-0883-446A-8057-B37AB72F8BB8}"
EndProject
Project("{8BC9CEB8-8B4A-11D0-8D11-00A0C91BC942}") = "Lab", "Lab\Lab.vcxproj", "{4E907BED-AB80-4A01-9B1A-A8F1609C17D5}"
EndProject
Project("{8BC9CEB8-8B4A-11D0-8D11-00A0C91BC942}") = "Semaphore", "Semaphore\Semaphore.vcxproj", "{7FDCB984-FA72-4A4B-8329-86BA34DB86AE}"
EndProject
Project("{8BC9CEB8-8B4A-11D0-8D11-00A0C91BC942}") = "Interlocked", "Interlocked\Interlocked.vcxproj", "{82770E06-F932-4003-B3EA-2000519A25AE}"
EndProject
Project("{8BC9CEB8-8B4A-11D0-8D11-00A0C91BC942}") = "SpinLock", "SpinLock\SpinLock.vcxproj", "{87DA2744-947C-479E-9D07-D0CA03C89815}"
EndProject
Global
	GlobalSection(SolutionConfigurationPlatforms) = preSolution
		Debug|x64 = Debug|x64
		Debug|x86 = Debug|x86
		Release|x64 = Release|x64
		Release|x86 = Release|x86
	EndGlobalSection
	GlobalSection(ProjectConfigurationPlatforms) = postSolution
		{7D7F0895-6C91-4664-898B-2FDE2593DE26}.Debug|x64.ActiveCfg = Debug|x64
		{7D7F0895-6C91-4664-898B-2FDE2593DE26}.Debug|x64.Build.0 = Debug|x64
		{7D7F0895-6C91-4664-898B-2FDE2593DE26}.Debug|x86.ActiveCfg = Debug|Win32
		{7D7F0895-6C91-4664-898B-2FDE2593DE26}.Debug|x86.Build.0 = Debug|Win32
		{7D7F0895-6C91-4664-898B-2FDE2593DE26}.Release|x64.ActiveCfg = Release|x64
		{7D7F0895-6C91-4664-898B-2FDE2593DE26}.Release|x64.Build.0 = Release|x64
		{7D7F0895-6C91-4664-898B-2FDE2593DE26}.Release|x86.ActiveCfg = Release|Win32
		{7D7F0895-6C91-4664-898B-2FDE2593DE26}.Release|x86.Build.0 = Release|Win32
		{AF6E3FB6-3C63-4FF9-A521-9959C1EB10C6}.Debug|x64.ActiveCfg = Debug|x64
		{AF6E3FB6-3C63-4FF9-A521-9959C1EB10C6}.Debug|x64.Build.0 = Debug|x64
		{AF6E3FB6-3C63-4FF9-A521-9959C1EB10C6}.Debug|x86.ActiveCfg = Debug|Win32
		{AF6E3FB6-3C63-4FF9-A521-9959C1EB10C6}.Debug|x86.Build.0 = Debug|Win32
		{AF6E3FB6-3C63-4FF9-A521-9959C1EB10C6}.Release|x64.ActiveCfg = Release|x64
		{AF6E3FB6-3C63-4FF9-A521-9959C1EB10C6}.Release|x64.Build.0 = Release|x64
		{AF6E3FB6-3C63-4FF9-A521-9959C1EB10C6}.Release|x86.ActiveCfg = Release|Win32
		{AF6E3FB6-3C63-4FF9-A521-9959C1EB10C6}.Release|x86.Build.0 = Release|Win32
		{40976FE0-0883-446A-8057-B37AB72F8BB8}.Debug|x64.ActiveCfg = Debug|x64
		{40976FE0-0883-446A-8057-B37AB72F8BB8}.Debug|x64.Build.0 = Debug|x64
		{40976FE0-0883-446A-8057-B37AB72F8BB8}.Debug|x86.ActiveCfg = Debug|Win32
		{40976FE0-0883-446A-8057-B37AB72F8BB8}.Debug|x86.Build.0 = Debug|Win32
		{40976FE0-0883-446A-8057-B37AB72F8BB8}.Release|x64.ActiveCfg = Release|x64
		{40976FE0-0883-446A-8057-B37AB72F8BB8}.Release|x64.Build.0 = Release|x64
		{40976FE0-0883-446A-8057-B37AB72F8BB8}.Release|x86.ActiveCfg = Release|Win32
		{40976FE0-0883-446A-8057-B37AB72F8BB8}.Release|x86.Build.0 = Release|Win32
		{4E907BED-AB80-4A01-9B1A-A8F1609C17D5}.Debug|x64.ActiveCfg = Debug|x64
		{4E907BED-AB80-4A01-9B1A-A8F1609C17D5}.Debug|x64.Build.0 = Debug|x64
		{4E907BED-AB80-4A01-9B1A-A8F1609C17D5}.Debug|x86.ActiveCfg = Debug|Win32
		{4E907BED-AB80-4A01-9B1A-A8F1609C17D5}.Debug|x86.Build.0 = Debug|Win32
		{4E907BED-AB80-4A01-9B1A-A8F1609C17D5}.Release|x64.ActiveCfg = Release|x64
		{4E907BED-AB80-4A01-9B1A-A8F1609C17D5}.Release|x64.Build.0 = Release|x64
		{4E907BED-AB80-4A01-9B1A-A8F1609C17D5}.Release|x86.ActiveCfg = Release|Win32
		{4E907BED-AB80-4A01-9B1A-A8F1609C17D5}.Release|x86.Build.0 = Release|Win32
		{7FDCB984-FA72-4A4B-8329-86BA34DB86AE}.Debug|x64.ActiveCfg = Debug|x64
		{7FDCB984-FA72-4A4B-8329-86BA34DB86AE}.Debug|x64.Build.0 = Debug|x64
		{7FDCB984-FA72-4A4B-8329-86BA34DB86AE}.Debug|x86.ActiveCfg = Debug|Win32
		{7FDCB984-FA72-4A4B-8329-86BA34DB86AE}.Debug|x86.Build.0 = Debug|Win32
		{7FDCB984-FA72-4A4B-8329-86BA34DB86AE}.Release|x64.ActiveCfg = Release|x64
		{7FDCB984-FA72-4A4B-8329-86BA34DB86AE}.Release|x64.Build.0 = Release|x64
		{7FDCB984-FA72-4A4B-8329-86BA34DB86AE}.Release|x86.ActiveCfg = Release|Win32
		{7FDCB984-FA72-4A4B-8329-86BA34DB86AE}.Release|x86.Build.0 = Release|Win32
		{82770E06-F932-4003-B3EA-2000519A25AE}.Debug|x64.ActiveCfg = Debug|x64
		{82770E06-F932-4003-B3EA-2000519A25AE}.Debug|x64.Build.0 = Debug|x64
		{82770E06-F932-4003-B3EA-2000519A25AE}.Debug|x86.ActiveCfg = Debug|Win32
		{82770E06-F932-4003-B3EA-2000519A25AE}.Debug|x86.Build.0 = Debug|Win32
		{82770E06-F932-4003-B3EA-2000519A25AE}.Release|x64.ActiveCfg = Release|x64
		{82770E06-F932-4003-B3EA-2000519A25AE}.Release|x64.Build.0 = Release|x64
		{82770E06-F932-4003-B3EA-2000519A25AE}.Release|x86.ActiveCfg = Release|Win32
		{82770E06-F932-4003-B3EA-2000519A25AE}.Release|x86.Build.0 = Release|Win32
		{87DA2744-947C-479E-9D07-D0CA03C89815}.Debug|x64.ActiveCfg = Debug|x64
		{87DA2744-947C-479E-9D07-D0CA03C89815}.Debug|x64.Build.0 = Debug|x64
		{87DA2744-947C-479E-9D07-D0CA03C89815}.Debug|x86.ActiveCfg = Debug|Win32
		{87DA2744-947C-479E-9D07-D0CA03C89815}.Debug|x86.Build.0 = Debug|Win32
		{87DA2744-947C-479E-9D07-D0CA03C89815}.Release|x64.ActiveCfg = Release|x64
		{87DA2744-947C-479E-9D07-D0CA03C89815}.Release|x64.Build.0 = Release|x64
		{87DA2744-947C-479E-9D07-D0CA03C89815}.Release|x86.ActiveCfg = Release|Win32
		{87DA2744-947C-479E-9D07-D0CA03C89815}.Release|x86.Build.0 = Release|Win32
	EndGlobalSection
	GlobalSection(SolutionProperties) = preSolution
		HideSolutionNode = FALSE
	EndGlobalSection
	GlobalSection(ExtensibilityGlobals) = postSolution
		SolutionGuid = {2A7607B4-F473-43A9-87EA-E19B1579CFD1}
	EndGlobalSection
EndGlobal
