<?xml version="1.0" encoding="utf-8"?>
<Project ToolsVersion="4.0" xmlns="http://schemas.microsoft.com/developer/msbuild/2003">
  <ItemGroup>
    <Filter Include="소스 파일">
      <UniqueIdentifier>{4FC737F1-C7A5-4376-A066-2A32D752A2FF}</UniqueIdentifier>
      <Extensions>cpp;c;cc;cxx;c++;cppm;ixx;def;odl;idl;hpj;bat;asm;asmx</Extensions>
    </Filter>
    <Filter Include="헤더 파일">
      <UniqueIdentifier>{93995380-89BD-4b04-88EB-625FBE52EBFB}</UniqueIdentifier>
      <Extensions>h;hh;hpp;hxx;h++;hm;inl;inc;ipp;xsd</Extensions>
    </Filter>
    <Filter Include="리소스 파일">
      <UniqueIdentifier>{67DA6AB6-F800-4c08-8B7A-83BB121AAD01}</UniqueIdentifier>
      <Extensions>rc;ico;cur;bmp;dlg;rc2;rct;bin;rgs;gif;jpg;jpeg;jpe;resx;tiff;tif;png;wav;mfcribbon-ms</Extensions>
    </Filter>
    <Filter Include="소스 파일\1">
      <UniqueIdentifier>{a0fb7129-5ce2-4499-b66c-35ded9d80f5b}</UniqueIdentifier>
    </Filter>
    <Filter Include="소스 파일\3">
      <UniqueIdentifier>{6fb80e67-7414-4757-a968-8c28e10336b2}</UniqueIdentifier>
    </Filter>
    <Filter Include="소스 파일\8">
      <UniqueIdentifier>{8f966737-8485-4bc8-be37-e614af5cfd5c}</UniqueIdentifier>
    </Filter>
    <Filter Include="소스 파일\9">
      <UniqueIdentifier>{71b69b9a-bd76-475a-9308-6b34aea7f1a8}</UniqueIdentifier>
    </Filter>
  </ItemGroup>
  <ItemGroup>
    <ClCompile Include="Lab1.cpp">
      <Filter>소스 파일\1</Filter>
    </ClCompile>
    <ClCompile Include="Lab2.cpp">
      <Filter>소스 파일\1</Filter>
    </ClCompile>
    <ClCompile Include="Lab3.cpp">
      <Filter>소스 파일\1</Filter>
    </ClCompile>
    <ClCompile Include="Lab4.cpp">
      <Filter>소스 파일\1</Filter>
    </ClCompile>
    <ClCompile Include="Lab3-1.cpp">
      <Filter>소스 파일\3</Filter>
    </ClCompile>
    <ClCompile Include="Lab3-2.cpp">
      <Filter>소스 파일\3</Filter>
    </ClCompile>
    <ClCompile Include="Lab3-3.cpp">
      <Filter>소스 파일\3</Filter>
    </ClCompile>
    <ClCompile Include="Lab3-4.cpp">
      <Filter>소스 파일\3</Filter>
    </ClCompile>
    <ClCompile Include="Lab3-5.cpp">
      <Filter>소스 파일\3</Filter>
    </ClCompile>
    <ClCompile Include="Lab8-1.cpp">
      <Filter>소스 파일\8</Filter>
    </ClCompile>
    <ClCompile Include="Lab8-2.cpp">
      <Filter>소스 파일\8</Filter>
    </ClCompile>
    <ClCompile Include="Lab8-3.cpp">
      <Filter>소스 파일\8</Filter>
    </ClCompile>
    <ClCompile Include="Lab8-4.cpp">
      <Filter>소스 파일\8</Filter>
    </ClCompile>
    <ClCompile Include="Lab8-5.cpp">
      <Filter>소스 파일\8</Filter>
    </ClCompile>
    <ClCompile Include="Lab8-6.cpp">
      <Filter>소스 파일\8</Filter>
    </ClCompile>
    <ClCompile Include="Lab8-7.cpp">
      <Filter>소스 파일\8</Filter>
    </ClCompile>
    <ClCompile Include="Lab8-8.cpp">
      <Filter>소스 파일\8</Filter>
    </ClCompile>
    <ClCompile Include="Lab8-9.cpp">
      <Filter>소스 파일\8</Filter>
    </ClCompile>
    <ClCompile Include="Lab8-10.cpp">
      <Filter>소스 파일\8</Filter>
    </ClCompile>
    <ClCompile Include="Lab9-1.cpp">
      <Filter>소스 파일\9</Filter>
    </ClCompile>
    <ClCompile Include="Lab9-2.cpp">
      <Filter>소스 파일\9</Filter>
    </ClCompile>
    <ClCompile Include="Lab9-3.cpp">
      <Filter>소스 파일\9</Filter>
    </ClCompile>
    <ClCompile Include="Lab9-4.cpp">
      <Filter>소스 파일\9</Filter>
    </ClCompile>
    <ClCompile Include="Lab9-5.cpp">
      <Filter>소스 파일\9</Filter>
    </ClCompile>
    <ClCompile Include="Lab9-6.cpp">
      <Filter>소스 파일\9</Filter>
    </ClCompile>
    <ClCompile Include="Lab9-7.cpp">
      <Filter>소스 파일\9</Filter>
    </ClCompile>
  </ItemGroup>
</Project>